
Microsoft Visual Studio Solution File, Format Version 12.00
# Visual Studio 15
VisualStudioVersion = 15.0.26403.7
MinimumVisualStudioVersion = 10.0.40219.1
Project("{FAE04EC0-301F-11D3-BF4B-00C04F79EFBC}") = "Loja_de_Jogos", "Loja_de_Jogos\Loja_de_Jogos.csproj", "{56B7F8A4-5B55-4618-A3BF-C35D2BD5AAA9}"
EndProject
Global
	GlobalSection(SolutionConfigurationPlatforms) = preSolution
		Debug|Any CPU = Debug|Any CPU
		Release|Any CPU = Release|Any CPU
	EndGlobalSection
	GlobalSection(ProjectConfigurationPlatforms) = postSolution
		{56B7F8A4-5B55-4618-A3BF-C35D2BD5AAA9}.Debug|Any CPU.ActiveCfg = Debug|Any CPU
		{56B7F8A4-5B55-4618-A3BF-C35D2BD5AAA9}.Debug|Any CPU.Build.0 = Debug|Any CPU
		{56B7F8A4-5B55-4618-A3BF-C35D2BD5AAA9}.Release|Any CPU.ActiveCfg = Release|Any CPU
		{56B7F8A4-5B55-4618-A3BF-C35D2BD5AAA9}.Release|Any CPU.Build.0 = Release|Any CPU
	EndGlobalSection
	GlobalSection(SolutionProperties) = preSolution
		HideSolutionNode = FALSE
	EndGlobalSection
EndGlobal
